
Microsoft Visual Studio Solution File, Format Version 12.00
# Visual Studio Version 17
VisualStudioVersion = 17.3.32819.101
MinimumVisualStudioVersion = 10.0.40219.1
Project("{2150E333-8FDC-42A3-9474-1A3956D46DE8}") = "src", "src", "{348D5B49-5276-499A-BD10-5B64E1F059AC}"
EndProject
Project("{2150E333-8FDC-42A3-9474-1A3956D46DE8}") = "corePackages", "corePackages", "{3BFAAF42-DFB7-45C7-85C1-5A5A00D29C07}"
EndProject
Project("{9A19103F-16F7-4668-BE54-9A1E7A4F7556}") = "Core.Application", "src\corePackages\Core.Application\Core.Application.csproj", "{C2BB7290-853A-48EF-8933-3228A4FD37DC}"
EndProject
Project("{9A19103F-16F7-4668-BE54-9A1E7A4F7556}") = "Core.CrossCuttingConcerns", "src\corePackages\Core.CrossCuttingConcers\Core.CrossCuttingConcerns.csproj", "{0B58DAF5-59C3-4991-9967-9629DEDB8077}"
EndProject
Project("{9A19103F-16F7-4668-BE54-9A1E7A4F7556}") = "Core.ElasticSearch", "src\corePackages\Core.ElasticSearch\Core.ElasticSearch.csproj", "{066B5FF3-CD85-44A4-BB87-9062D2FA53C4}"
EndProject
Project("{9A19103F-16F7-4668-BE54-9A1E7A4F7556}") = "Core.Mailing", "src\corePackages\Core.Mailing\Core.Mailing.csproj", "{CEF40AC3-CEB8-4562-B213-6A0FF7777BF9}"
EndProject
Project("{9A19103F-16F7-4668-BE54-9A1E7A4F7556}") = "Core.Persistence", "src\corePackages\Core.Persistence\Core.Persistence.csproj", "{D96DBCB7-D4A0-4B2E-B4E0-8927C3157A35}"
EndProject
Project("{9A19103F-16F7-4668-BE54-9A1E7A4F7556}") = "Core.Security", "src\corePackages\Core.Security\Core.Security.csproj", "{B76B79A8-D43A-4638-89D6-9E18BD21412B}"
EndProject
Project("{2150E333-8FDC-42A3-9474-1A3956D46DE8}") = "demoProjects", "demoProjects", "{DBC8A0C3-AEEF-4506-8660-743B3D1651CB}"
EndProject
Project("{2150E333-8FDC-42A3-9474-1A3956D46DE8}") = "devs", "devs", "{8EA31D2A-AB45-42EE-ADFE-142CECAF9D05}"
EndProject
Project("{FAE04EC0-301F-11D3-BF4B-00C04F79EFBC}") = "Application", "src\demoProjects\devs\Application\Application.csproj", "{F8934260-B592-411D-AAFA-14D350F00ADE}"
EndProject
Project("{FAE04EC0-301F-11D3-BF4B-00C04F79EFBC}") = "Domain", "src\demoProjects\devs\Domain\Domain.csproj", "{245F9BA3-3E97-4EEC-94B2-63F0C4F36D96}"
EndProject
Project("{FAE04EC0-301F-11D3-BF4B-00C04F79EFBC}") = "Infrastructure", "src\demoProjects\devs\Infrastructure\Infrastructure.csproj", "{CC3C2F1A-E6B3-4AA2-BB27-C8AC9DA7F399}"
EndProject
Project("{FAE04EC0-301F-11D3-BF4B-00C04F79EFBC}") = "Persistence", "src\demoProjects\devs\Persistence\Persistence.csproj", "{A38485E0-E9AE-40E8-8966-3C31BB30F222}"
EndProject
Project("{FAE04EC0-301F-11D3-BF4B-00C04F79EFBC}") = "WebAPI", "src\demoProjects\devs\WebAPI\WebAPI.csproj", "{077FE773-74D9-46CC-B384-D4F3234F95C9}"
EndProject
Project("{2150E333-8FDC-42A3-9474-1A3956D46DE8}") = "tests", "tests", "{FFDA1E09-7714-4178-B2BA-EBAD143E195B}"
EndProject
Global
	GlobalSection(SolutionConfigurationPlatforms) = preSolution
		Debug|Any CPU = Debug|Any CPU
		Release|Any CPU = Release|Any CPU
	EndGlobalSection
	GlobalSection(ProjectConfigurationPlatforms) = postSolution
		{C2BB7290-853A-48EF-8933-3228A4FD37DC}.Debug|Any CPU.ActiveCfg = Debug|Any CPU
		{C2BB7290-853A-48EF-8933-3228A4FD37DC}.Debug|Any CPU.Build.0 = Debug|Any CPU
		{C2BB7290-853A-48EF-8933-3228A4FD37DC}.Release|Any CPU.ActiveCfg = Release|Any CPU
		{C2BB7290-853A-48EF-8933-3228A4FD37DC}.Release|Any CPU.Build.0 = Release|Any CPU
		{0B58DAF5-59C3-4991-9967-9629DEDB8077}.Debug|Any CPU.ActiveCfg = Debug|Any CPU
		{0B58DAF5-59C3-4991-9967-9629DEDB8077}.Debug|Any CPU.Build.0 = Debug|Any CPU
		{0B58DAF5-59C3-4991-9967-9629DEDB8077}.Release|Any CPU.ActiveCfg = Release|Any CPU
		{0B58DAF5-59C3-4991-9967-9629DEDB8077}.Release|Any CPU.Build.0 = Release|Any CPU
		{066B5FF3-CD85-44A4-BB87-9062D2FA53C4}.Debug|Any CPU.ActiveCfg = Debug|Any CPU
		{066B5FF3-CD85-44A4-BB87-9062D2FA53C4}.Debug|Any CPU.Build.0 = Debug|Any CPU
		{066B5FF3-CD85-44A4-BB87-9062D2FA53C4}.Release|Any CPU.ActiveCfg = Release|Any CPU
		{066B5FF3-CD85-44A4-BB87-9062D2FA53C4}.Release|Any CPU.Build.0 = Release|Any CPU
		{CEF40AC3-CEB8-4562-B213-6A0FF7777BF9}.Debug|Any CPU.ActiveCfg = Debug|Any CPU
		{CEF40AC3-CEB8-4562-B213-6A0FF7777BF9}.Debug|Any CPU.Build.0 = Debug|Any CPU
		{CEF40AC3-CEB8-4562-B213-6A0FF7777BF9}.Release|Any CPU.ActiveCfg = Release|Any CPU
		{CEF40AC3-CEB8-4562-B213-6A0FF7777BF9}.Release|Any CPU.Build.0 = Release|Any CPU
		{D96DBCB7-D4A0-4B2E-B4E0-8927C3157A35}.Debug|Any CPU.ActiveCfg = Debug|Any CPU
		{D96DBCB7-D4A0-4B2E-B4E0-8927C3157A35}.Debug|Any CPU.Build.0 = Debug|Any CPU
		{D96DBCB7-D4A0-4B2E-B4E0-8927C3157A35}.Release|Any CPU.ActiveCfg = Release|Any CPU
		{D96DBCB7-D4A0-4B2E-B4E0-8927C3157A35}.Release|Any CPU.Build.0 = Release|Any CPU
		{B76B79A8-D43A-4638-89D6-9E18BD21412B}.Debug|Any CPU.ActiveCfg = Debug|Any CPU
		{B76B79A8-D43A-4638-89D6-9E18BD21412B}.Debug|Any CPU.Build.0 = Debug|Any CPU
		{B76B79A8-D43A-4638-89D6-9E18BD21412B}.Release|Any CPU.ActiveCfg = Release|Any CPU
		{B76B79A8-D43A-4638-89D6-9E18BD21412B}.Release|Any CPU.Build.0 = Release|Any CPU
		{F8934260-B592-411D-AAFA-14D350F00ADE}.Debug|Any CPU.ActiveCfg = Debug|Any CPU
		{F8934260-B592-411D-AAFA-14D350F00ADE}.Debug|Any CPU.Build.0 = Debug|Any CPU
		{F8934260-B592-411D-AAFA-14D350F00ADE}.Release|Any CPU.ActiveCfg = Release|Any CPU
		{F8934260-B592-411D-AAFA-14D350F00ADE}.Release|Any CPU.Build.0 = Release|Any CPU
		{245F9BA3-3E97-4EEC-94B2-63F0C4F36D96}.Debug|Any CPU.ActiveCfg = Debug|Any CPU
		{245F9BA3-3E97-4EEC-94B2-63F0C4F36D96}.Debug|Any CPU.Build.0 = Debug|Any CPU
		{245F9BA3-3E97-4EEC-94B2-63F0C4F36D96}.Release|Any CPU.ActiveCfg = Release|Any CPU
		{245F9BA3-3E97-4EEC-94B2-63F0C4F36D96}.Release|Any CPU.Build.0 = Release|Any CPU
		{CC3C2F1A-E6B3-4AA2-BB27-C8AC9DA7F399}.Debug|Any CPU.ActiveCfg = Debug|Any CPU
		{CC3C2F1A-E6B3-4AA2-BB27-C8AC9DA7F399}.Debug|Any CPU.Build.0 = Debug|Any CPU
		{CC3C2F1A-E6B3-4AA2-BB27-C8AC9DA7F399}.Release|Any CPU.ActiveCfg = Release|Any CPU
		{CC3C2F1A-E6B3-4AA2-BB27-C8AC9DA7F399}.Release|Any CPU.Build.0 = Release|Any CPU
		{A38485E0-E9AE-40E8-8966-3C31BB30F222}.Debug|Any CPU.ActiveCfg = Debug|Any CPU
		{A38485E0-E9AE-40E8-8966-3C31BB30F222}.Debug|Any CPU.Build.0 = Debug|Any CPU
		{A38485E0-E9AE-40E8-8966-3C31BB30F222}.Release|Any CPU.ActiveCfg = Release|Any CPU
		{A38485E0-E9AE-40E8-8966-3C31BB30F222}.Release|Any CPU.Build.0 = Release|Any CPU
		{077FE773-74D9-46CC-B384-D4F3234F95C9}.Debug|Any CPU.ActiveCfg = Debug|Any CPU
		{077FE773-74D9-46CC-B384-D4F3234F95C9}.Debug|Any CPU.Build.0 = Debug|Any CPU
		{077FE773-74D9-46CC-B384-D4F3234F95C9}.Release|Any CPU.ActiveCfg = Release|Any CPU
		{077FE773-74D9-46CC-B384-D4F3234F95C9}.Release|Any CPU.Build.0 = Release|Any CPU
	EndGlobalSection
	GlobalSection(SolutionProperties) = preSolution
		HideSolutionNode = FALSE
	EndGlobalSection
	GlobalSection(NestedProjects) = preSolution
		{3BFAAF42-DFB7-45C7-85C1-5A5A00D29C07} = {348D5B49-5276-499A-BD10-5B64E1F059AC}
		{C2BB7290-853A-48EF-8933-3228A4FD37DC} = {3BFAAF42-DFB7-45C7-85C1-5A5A00D29C07}
		{0B58DAF5-59C3-4991-9967-9629DEDB8077} = {3BFAAF42-DFB7-45C7-85C1-5A5A00D29C07}
		{066B5FF3-CD85-44A4-BB87-9062D2FA53C4} = {3BFAAF42-DFB7-45C7-85C1-5A5A00D29C07}
		{CEF40AC3-CEB8-4562-B213-6A0FF7777BF9} = {3BFAAF42-DFB7-45C7-85C1-5A5A00D29C07}
		{D96DBCB7-D4A0-4B2E-B4E0-8927C3157A35} = {3BFAAF42-DFB7-45C7-85C1-5A5A00D29C07}
		{B76B79A8-D43A-4638-89D6-9E18BD21412B} = {3BFAAF42-DFB7-45C7-85C1-5A5A00D29C07}
		{DBC8A0C3-AEEF-4506-8660-743B3D1651CB} = {348D5B49-5276-499A-BD10-5B64E1F059AC}
		{8EA31D2A-AB45-42EE-ADFE-142CECAF9D05} = {DBC8A0C3-AEEF-4506-8660-743B3D1651CB}
		{F8934260-B592-411D-AAFA-14D350F00ADE} = {8EA31D2A-AB45-42EE-ADFE-142CECAF9D05}
		{245F9BA3-3E97-4EEC-94B2-63F0C4F36D96} = {8EA31D2A-AB45-42EE-ADFE-142CECAF9D05}
		{CC3C2F1A-E6B3-4AA2-BB27-C8AC9DA7F399} = {8EA31D2A-AB45-42EE-ADFE-142CECAF9D05}
		{A38485E0-E9AE-40E8-8966-3C31BB30F222} = {8EA31D2A-AB45-42EE-ADFE-142CECAF9D05}
		{077FE773-74D9-46CC-B384-D4F3234F95C9} = {8EA31D2A-AB45-42EE-ADFE-142CECAF9D05}
	EndGlobalSection
	GlobalSection(ExtensibilityGlobals) = postSolution
		SolutionGuid = {5A700AD8-F635-410B-AEA7-DFA3DAF095B9}
	EndGlobalSection
EndGlobal
